
Microsoft Visual Studio Solution File, Format Version 12.00
# Visual Studio Version 17
VisualStudioVersion = 17.7.34202.233
MinimumVisualStudioVersion = 10.0.40219.1
Project("{FAE04EC0-301F-11D3-BF4B-00C04F79EFBC}") = "Lab3", "Lab3.csproj", "{523C7233-D843-46D6-825C-511C1FB079A5}"
EndProject
Project("{FAE04EC0-301F-11D3-BF4B-00C04F79EFBC}") = "DAL", "..\DAL\DAL.csproj", "{4AE5E874-F6AF-44B0-9CE5-ABA71FE2F37B}"
EndProject
Project("{FAE04EC0-301F-11D3-BF4B-00C04F79EFBC}") = "BLL", "..\BLL\BLL.csproj", "{5C90EC85-502E-4968-ACD0-C8DA6D532983}"
EndProject
Global
	GlobalSection(SolutionConfigurationPlatforms) = preSolution
		Debug|Any CPU = Debug|Any CPU
		Release|Any CPU = Release|Any CPU
	EndGlobalSection
	GlobalSection(ProjectConfigurationPlatforms) = postSolution
		{523C7233-D843-46D6-825C-511C1FB079A5}.Debug|Any CPU.ActiveCfg = Debug|Any CPU
		{523C7233-D843-46D6-825C-511C1FB079A5}.Debug|Any CPU.Build.0 = Debug|Any CPU
		{523C7233-D843-46D6-825C-511C1FB079A5}.Release|Any CPU.ActiveCfg = Release|Any CPU
		{523C7233-D843-46D6-825C-511C1FB079A5}.Release|Any CPU.Build.0 = Release|Any CPU
		{4AE5E874-F6AF-44B0-9CE5-ABA71FE2F37B}.Debug|Any CPU.ActiveCfg = Debug|Any CPU
		{4AE5E874-F6AF-44B0-9CE5-ABA71FE2F37B}.Debug|Any CPU.Build.0 = Debug|Any CPU
		{4AE5E874-F6AF-44B0-9CE5-ABA71FE2F37B}.Release|Any CPU.ActiveCfg = Release|Any CPU
		{4AE5E874-F6AF-44B0-9CE5-ABA71FE2F37B}.Release|Any CPU.Build.0 = Release|Any CPU
		{5C90EC85-502E-4968-ACD0-C8DA6D532983}.Debug|Any CPU.ActiveCfg = Debug|Any CPU
		{5C90EC85-502E-4968-ACD0-C8DA6D532983}.Debug|Any CPU.Build.0 = Debug|Any CPU
		{5C90EC85-502E-4968-ACD0-C8DA6D532983}.Release|Any CPU.ActiveCfg = Release|Any CPU
		{5C90EC85-502E-4968-ACD0-C8DA6D532983}.Release|Any CPU.Build.0 = Release|Any CPU
	EndGlobalSection
	GlobalSection(SolutionProperties) = preSolution
		HideSolutionNode = FALSE
	EndGlobalSection
	GlobalSection(ExtensibilityGlobals) = postSolution
		SolutionGuid = {B3DF91F5-5FFE-464D-8297-63D0320F8161}
	EndGlobalSection
EndGlobal
